github.com/k4k3ru-hub/cli-go v0.0.0-20250316070825-5ee1b35981a1 h1:LlGlQWTRHP9DVirJKA25zw0Dx1lS/ZZ6ffxtPG9AH+E=
github.com/k4k3ru-hub/cli-go v0.0.0-20250316070825-5ee1b35981a1/go.mod h1:K6uUxRiyMbWRPjPULQ7KNMhmjAXafRAocEAjpoOTRoA=
github.com/k4k3ru-hub/cli-go v0.0.0-20250317051717-d14281f83cb8 h1:qODkqhIKQZwl1ek0T+Jf5lW40t4qGnzW6dcEZkhAHRA=
github.com/k4k3ru-hub/cli-go v0.0.0-20250317051717-d14281f83cb8/go.mod h1:K6uUxRiyMbWRPjPULQ7KNMhmjAXafRAocEAjpoOTRoA=
github.com/k4k3ru-hub/cli-go v0.0.0-20250317070619-37bf970209d6 h1:tumyR7ABIHIYucOkUU/bhM1ayWfGnCACSBfpElSf9pM=
github.com/k4k3ru-hub/cli-go v0.0.0-20250317070619-37bf970209d6/go.mod h1:K6uUxRiyMbWRPjPULQ7KNMhmjAXafRAocEAjpoOTRoA=
github.com/k4k3ru-hub/cli-go v0.0.0-20250317071144-6db189ca8f61 h1:RmBt2rEFQLDu1dCld2ZRxcf0soyg5VQcHAvZCDuy0+k=
github.com/k4k3ru-hub/cli-go v0.0.0-20250317071144-6db189ca8f61/go.mod h1:K6uUxRiyMbWRPjPULQ7KNMhmjAXafRAocEAjpoOTRoA=
github.com/k4k3ru-hub/cli-go v0.0.0-20250317071451-c8b3c7187958 h1:OUIu2VouMnVCpW/633suSxYQJdx/dN9nh2ivij0xKaQ=
github.com/k4k3ru-hub/cli-go v0.0.0-20250317071451-c8b3c7187958/go.mod h1:K6uUxRiyMbWRPjPULQ7KNMhmjAXafRAocEAjpoOTRoA=
